
Microsoft Visual Studio Solution File, Format Version 12.00
# Visual Studio 15
VisualStudioVersion = 15.0.28307.168
MinimumVisualStudioVersion = 10.0.40219.1
Project("{FAE04EC0-301F-11D3-BF4B-00C04F79EFBC}") = "XamApp.Android", "XamApp\XamApp.Android\XamApp.Android.csproj", "{874B4C99-4ECA-40B8-B910-CEAE06A27BBA}"
EndProject
Project("{FAE04EC0-301F-11D3-BF4B-00C04F79EFBC}") = "XamApp.iOS", "XamApp\XamApp.iOS\XamApp.iOS.csproj", "{8C280540-9C3B-44C7-A7A9-979AF050657B}"
EndProject
Project("{FAE04EC0-301F-11D3-BF4B-00C04F79EFBC}") = "XamApp.UWP", "XamApp\XamApp.UWP\XamApp.UWP.csproj", "{76C570A9-5A7D-40EA-BF02-2E5B83A888C9}"
EndProject
Project("{FAE04EC0-301F-11D3-BF4B-00C04F79EFBC}") = "XamApp", "XamApp\XamApp\XamApp.csproj", "{49DE3EB8-ED70-43BB-AB15-C8F420A7320E}"
EndProject
Global
	GlobalSection(SolutionConfigurationPlatforms) = preSolution
		Ad-Hoc|Any CPU = Ad-Hoc|Any CPU
		Ad-Hoc|ARM = Ad-Hoc|ARM
		Ad-Hoc|iPhone = Ad-Hoc|iPhone
		Ad-Hoc|iPhoneSimulator = Ad-Hoc|iPhoneSimulator
		Ad-Hoc|x64 = Ad-Hoc|x64
		Ad-Hoc|x86 = Ad-Hoc|x86
		AppStore|Any CPU = AppStore|Any CPU
		AppStore|ARM = AppStore|ARM
		AppStore|iPhone = AppStore|iPhone
		AppStore|iPhoneSimulator = AppStore|iPhoneSimulator
		AppStore|x64 = AppStore|x64
		AppStore|x86 = AppStore|x86
		Debug|Any CPU = Debug|Any CPU
		Debug|ARM = Debug|ARM
		Debug|iPhone = Debug|iPhone
		Debug|iPhoneSimulator = Debug|iPhoneSimulator
		Debug|x64 = Debug|x64
		Debug|x86 = Debug|x86
		Release|Any CPU = Release|Any CPU
		Release|ARM = Release|ARM
		Release|iPhone = Release|iPhone
		Release|iPhoneSimulator = Release|iPhoneSimulator
		Release|x64 = Release|x64
		Release|x86 = Release|x86
	EndGlobalSection
	GlobalSection(ProjectConfigurationPlatforms) = postSolution
		{874B4C99-4ECA-40B8-B910-CEAE06A27BBA}.Ad-Hoc|Any CPU.ActiveCfg = Release|Any CPU
		{874B4C99-4ECA-40B8-B910-CEAE06A27BBA}.Ad-Hoc|Any CPU.Build.0 = Release|Any CPU
		{874B4C99-4ECA-40B8-B910-CEAE06A27BBA}.Ad-Hoc|Any CPU.Deploy.0 = Release|Any CPU
		{874B4C99-4ECA-40B8-B910-CEAE06A27BBA}.Ad-Hoc|ARM.ActiveCfg = Release|Any CPU
		{874B4C99-4ECA-40B8-B910-CEAE06A27BBA}.Ad-Hoc|ARM.Build.0 = Release|Any CPU
		{874B4C99-4ECA-40B8-B910-CEAE06A27BBA}.Ad-Hoc|ARM.Deploy.0 = Release|Any CPU
		{874B4C99-4ECA-40B8-B910-CEAE06A27BBA}.Ad-Hoc|iPhone.ActiveCfg = Release|Any CPU
		{874B4C99-4ECA-40B8-B910-CEAE06A27BBA}.Ad-Hoc|iPhone.Build.0 = Release|Any CPU
		{874B4C99-4ECA-40B8-B910-CEAE06A27BBA}.Ad-Hoc|iPhone.Deploy.0 = Release|Any CPU
		{874B4C99-4ECA-40B8-B910-CEAE06A27BBA}.Ad-Hoc|iPhoneSimulator.ActiveCfg = Release|Any CPU
		{874B4C99-4ECA-40B8-B910-CEAE06A27BBA}.Ad-Hoc|iPhoneSimulator.Build.0 = Release|Any CPU
		{874B4C99-4ECA-40B8-B910-CEAE06A27BBA}.Ad-Hoc|iPhoneSimulator.Deploy.0 = Release|Any CPU
		{874B4C99-4ECA-40B8-B910-CEAE06A27BBA}.Ad-Hoc|x64.ActiveCfg = Release|Any CPU
		{874B4C99-4ECA-40B8-B910-CEAE06A27BBA}.Ad-Hoc|x64.Build.0 = Release|Any CPU
		{874B4C99-4ECA-40B8-B910-CEAE06A27BBA}.Ad-Hoc|x64.Deploy.0 = Release|Any CPU
		{874B4C99-4ECA-40B8-B910-CEAE06A27BBA}.Ad-Hoc|x86.ActiveCfg = Release|Any CPU
		{874B4C99-4ECA-40B8-B910-CEAE06A27BBA}.Ad-Hoc|x86.Build.0 = Release|Any CPU
		{874B4C99-4ECA-40B8-B910-CEAE06A27BBA}.Ad-Hoc|x86.Deploy.0 = Release|Any CPU
		{874B4C99-4ECA-40B8-B910-CEAE06A27BBA}.AppStore|Any CPU.ActiveCfg = Release|Any CPU
		{874B4C99-4ECA-40B8-B910-CEAE06A27BBA}.AppStore|Any CPU.Build.0 = Release|Any CPU
		{874B4C99-4ECA-40B8-B910-CEAE06A27BBA}.AppStore|Any CPU.Deploy.0 = Release|Any CPU
		{874B4C99-4ECA-40B8-B910-CEAE06A27BBA}.AppStore|ARM.ActiveCfg = Release|Any CPU
		{874B4C99-4ECA-40B8-B910-CEAE06A27BBA}.AppStore|ARM.Build.0 = Release|Any CPU
		{874B4C99-4ECA-40B8-B910-CEAE06A27BBA}.AppStore|ARM.Deploy.0 = Release|Any CPU
		{874B4C99-4ECA-40B8-B910-CEAE06A27BBA}.AppStore|iPhone.ActiveCfg = Release|Any CPU
		{874B4C99-4ECA-40B8-B910-CEAE06A27BBA}.AppStore|iPhone.Build.0 = Release|Any CPU
		{874B4C99-4ECA-40B8-B910-CEAE06A27BBA}.AppStore|iPhone.Deploy.0 = Release|Any CPU
		{874B4C99-4ECA-40B8-B910-CEAE06A27BBA}.AppStore|iPhoneSimulator.ActiveCfg = Release|Any CPU
		{874B4C99-4ECA-40B8-B910-CEAE06A27BBA}.AppStore|iPhoneSimulator.Build.0 = Release|Any CPU
		{874B4C99-4ECA-40B8-B910-CEAE06A27BBA}.AppStore|iPhoneSimulator.Deploy.0 = Release|Any CPU
		{874B4C99-4ECA-40B8-B910-CEAE06A27BBA}.AppStore|x64.ActiveCfg = Release|Any CPU
		{874B4C99-4ECA-40B8-B910-CEAE06A27BBA}.AppStore|x64.Build.0 = Release|Any CPU
		{874B4C99-4ECA-40B8-B910-CEAE06A27BBA}.AppStore|x64.Deploy.0 = Release|Any CPU
		{874B4C99-4ECA-40B8-B910-CEAE06A27BBA}.AppStore|x86.ActiveCfg = Release|Any CPU
		{874B4C99-4ECA-40B8-B910-CEAE06A27BBA}.AppStore|x86.Build.0 = Release|Any CPU
		{874B4C99-4ECA-40B8-B910-CEAE06A27BBA}.AppStore|x86.Deploy.0 = Release|Any CPU
		{874B4C99-4ECA-40B8-B910-CEAE06A27BBA}.Debug|Any CPU.ActiveCfg = Debug|Any CPU
		{874B4C99-4ECA-40B8-B910-CEAE06A27BBA}.Debug|Any CPU.Build.0 = Debug|Any CPU
		{874B4C99-4ECA-40B8-B910-CEAE06A27BBA}.Debug|Any CPU.Deploy.0 = Debug|Any CPU
		{874B4C99-4ECA-40B8-B910-CEAE06A27BBA}.Debug|ARM.ActiveCfg = Debug|Any CPU
		{874B4C99-4ECA-40B8-B910-CEAE06A27BBA}.Debug|ARM.Build.0 = Debug|Any CPU
		{874B4C99-4ECA-40B8-B910-CEAE06A27BBA}.Debug|ARM.Deploy.0 = Debug|Any CPU
		{874B4C99-4ECA-40B8-B910-CEAE06A27BBA}.Debug|iPhone.ActiveCfg = Debug|Any CPU
		{874B4C99-4ECA-40B8-B910-CEAE06A27BBA}.Debug|iPhone.Build.0 = Debug|Any CPU
		{874B4C99-4ECA-40B8-B910-CEAE06A27BBA}.Debug|iPhone.Deploy.0 = Debug|Any CPU
		{874B4C99-4ECA-40B8-B910-CEAE06A27BBA}.Debug|iPhoneSimulator.ActiveCfg = Debug|Any CPU
		{874B4C99-4ECA-40B8-B910-CEAE06A27BBA}.Debug|iPhoneSimulator.Build.0 = Debug|Any CPU
		{874B4C99-4ECA-40B8-B910-CEAE06A27BBA}.Debug|iPhoneSimulator.Deploy.0 = Debug|Any CPU
		{874B4C99-4ECA-40B8-B910-CEAE06A27BBA}.Debug|x64.ActiveCfg = Debug|Any CPU
		{874B4C99-4ECA-40B8-B910-CEAE06A27BBA}.Debug|x64.Build.0 = Debug|Any CPU
		{874B4C99-4ECA-40B8-B910-CEAE06A27BBA}.Debug|x64.Deploy.0 = Debug|Any CPU
		{874B4C99-4ECA-40B8-B910-CEAE06A27BBA}.Debug|x86.ActiveCfg = Debug|Any CPU
		{874B4C99-4ECA-40B8-B910-CEAE06A27BBA}.Debug|x86.Build.0 = Debug|Any CPU
		{874B4C99-4ECA-40B8-B910-CEAE06A27BBA}.Debug|x86.Deploy.0 = Debug|Any CPU
		{874B4C99-4ECA-40B8-B910-CEAE06A27BBA}.Release|Any CPU.ActiveCfg = Release|Any CPU
		{874B4C99-4ECA-40B8-B910-CEAE06A27BBA}.Release|Any CPU.Build.0 = Release|Any CPU
		{874B4C99-4ECA-40B8-B910-CEAE06A27BBA}.Release|Any CPU.Deploy.0 = Release|Any CPU
		{874B4C99-4ECA-40B8-B910-CEAE06A27BBA}.Release|ARM.ActiveCfg = Release|Any CPU
		{874B4C99-4ECA-40B8-B910-CEAE06A27BBA}.Release|ARM.Build.0 = Release|Any CPU
		{874B4C99-4ECA-40B8-B910-CEAE06A27BBA}.Release|ARM.Deploy.0 = Release|Any CPU
		{874B4C99-4ECA-40B8-B910-CEAE06A27BBA}.Release|iPhone.ActiveCfg = Release|Any CPU
		{874B4C99-4ECA-40B8-B910-CEAE06A27BBA}.Release|iPhone.Build.0 = Release|Any CPU
		{874B4C99-4ECA-40B8-B910-CEAE06A27BBA}.Release|iPhone.Deploy.0 = Release|Any CPU
		{874B4C99-4ECA-40B8-B910-CEAE06A27BBA}.Release|iPhoneSimulator.ActiveCfg = Release|Any CPU
		{874B4C99-4ECA-40B8-B910-CEAE06A27BBA}.Release|iPhoneSimulator.Build.0 = Release|Any CPU
		{874B4C99-4ECA-40B8-B910-CEAE06A27BBA}.Release|iPhoneSimulator.Deploy.0 = Release|Any CPU
		{874B4C99-4ECA-40B8-B910-CEAE06A27BBA}.Release|x64.ActiveCfg = Release|Any CPU
		{874B4C99-4ECA-40B8-B910-CEAE06A27BBA}.Release|x64.Build.0 = Release|Any CPU
		{874B4C99-4ECA-40B8-B910-CEAE06A27BBA}.Release|x64.Deploy.0 = Release|Any CPU
		{874B4C99-4ECA-40B8-B910-CEAE06A27BBA}.Release|x86.ActiveCfg = Release|Any CPU
		{874B4C99-4ECA-40B8-B910-CEAE06A27BBA}.Release|x86.Build.0 = Release|Any CPU
		{874B4C99-4ECA-40B8-B910-CEAE06A27BBA}.Release|x86.Deploy.0 = Release|Any CPU
		{8C280540-9C3B-44C7-A7A9-979AF050657B}.Ad-Hoc|Any CPU.ActiveCfg = Ad-Hoc|iPhone
		{8C280540-9C3B-44C7-A7A9-979AF050657B}.Ad-Hoc|Any CPU.Build.0 = Ad-Hoc|iPhone
		{8C280540-9C3B-44C7-A7A9-979AF050657B}.Ad-Hoc|Any CPU.Deploy.0 = Ad-Hoc|iPhone
		{8C280540-9C3B-44C7-A7A9-979AF050657B}.Ad-Hoc|ARM.ActiveCfg = Ad-Hoc|iPhone
		{8C280540-9C3B-44C7-A7A9-979AF050657B}.Ad-Hoc|ARM.Build.0 = Ad-Hoc|iPhone
		{8C280540-9C3B-44C7-A7A9-979AF050657B}.Ad-Hoc|ARM.Deploy.0 = Ad-Hoc|iPhone
		{8C280540-9C3B-44C7-A7A9-979AF050657B}.Ad-Hoc|iPhone.ActiveCfg = Ad-Hoc|iPhone
		{8C280540-9C3B-44C7-A7A9-979AF050657B}.Ad-Hoc|iPhone.Build.0 = Ad-Hoc|iPhone
		{8C280540-9C3B-44C7-A7A9-979AF050657B}.Ad-Hoc|iPhone.Deploy.0 = Ad-Hoc|iPhone
		{8C280540-9C3B-44C7-A7A9-979AF050657B}.Ad-Hoc|iPhoneSimulator.ActiveCfg = Ad-Hoc|iPhoneSimulator
		{8C280540-9C3B-44C7-A7A9-979AF050657B}.Ad-Hoc|iPhoneSimulator.Build.0 = Ad-Hoc|iPhoneSimulator
		{8C280540-9C3B-44C7-A7A9-979AF050657B}.Ad-Hoc|iPhoneSimulator.Deploy.0 = Ad-Hoc|iPhoneSimulator
		{8C280540-9C3B-44C7-A7A9-979AF050657B}.Ad-Hoc|x64.ActiveCfg = Ad-Hoc|iPhone
		{8C280540-9C3B-44C7-A7A9-979AF050657B}.Ad-Hoc|x64.Build.0 = Ad-Hoc|iPhone
		{8C280540-9C3B-44C7-A7A9-979AF050657B}.Ad-Hoc|x64.Deploy.0 = Ad-Hoc|iPhone
		{8C280540-9C3B-44C7-A7A9-979AF050657B}.Ad-Hoc|x86.ActiveCfg = Ad-Hoc|iPhone
		{8C280540-9C3B-44C7-A7A9-979AF050657B}.Ad-Hoc|x86.Build.0 = Ad-Hoc|iPhone
		{8C280540-9C3B-44C7-A7A9-979AF050657B}.Ad-Hoc|x86.Deploy.0 = Ad-Hoc|iPhone
		{8C280540-9C3B-44C7-A7A9-979AF050657B}.AppStore|Any CPU.ActiveCfg = AppStore|iPhone
		{8C280540-9C3B-44C7-A7A9-979AF050657B}.AppStore|Any CPU.Build.0 = AppStore|iPhone
		{8C280540-9C3B-44C7-A7A9-979AF050657B}.AppStore|Any CPU.Deploy.0 = AppStore|iPhone
		{8C280540-9C3B-44C7-A7A9-979AF050657B}.AppStore|ARM.ActiveCfg = AppStore|iPhone
		{8C280540-9C3B-44C7-A7A9-979AF050657B}.AppStore|ARM.Build.0 = AppStore|iPhone
		{8C280540-9C3B-44C7-A7A9-979AF050657B}.AppStore|ARM.Deploy.0 = AppStore|iPhone
		{8C280540-9C3B-44C7-A7A9-979AF050657B}.AppStore|iPhone.ActiveCfg = AppStore|iPhone
		{8C280540-9C3B-44C7-A7A9-979AF050657B}.AppStore|iPhone.Build.0 = AppStore|iPhone
		{8C280540-9C3B-44C7-A7A9-979AF050657B}.AppStore|iPhone.Deploy.0 = AppStore|iPhone
		{8C280540-9C3B-44C7-A7A9-979AF050657B}.AppStore|iPhoneSimulator.ActiveCfg = AppStore|iPhoneSimulator
		{8C280540-9C3B-44C7-A7A9-979AF050657B}.AppStore|iPhoneSimulator.Build.0 = AppStore|iPhoneSimulator
		{8C280540-9C3B-44C7-A7A9-979AF050657B}.AppStore|iPhoneSimulator.Deploy.0 = AppStore|iPhoneSimulator
		{8C280540-9C3B-44C7-A7A9-979AF050657B}.AppStore|x64.ActiveCfg = AppStore|iPhone
		{8C280540-9C3B-44C7-A7A9-979AF050657B}.AppStore|x64.Build.0 = AppStore|iPhone
		{8C280540-9C3B-44C7-A7A9-979AF050657B}.AppStore|x64.Deploy.0 = AppStore|iPhone
		{8C280540-9C3B-44C7-A7A9-979AF050657B}.AppStore|x86.ActiveCfg = AppStore|iPhone
		{8C280540-9C3B-44C7-A7A9-979AF050657B}.AppStore|x86.Build.0 = AppStore|iPhone
		{8C280540-9C3B-44C7-A7A9-979AF050657B}.AppStore|x86.Deploy.0 = AppStore|iPhone
		{8C280540-9C3B-44C7-A7A9-979AF050657B}.Debug|Any CPU.ActiveCfg = Debug|iPhoneSimulator
		{8C280540-9C3B-44C7-A7A9-979AF050657B}.Debug|Any CPU.Build.0 = Debug|iPhoneSimulator
		{8C280540-9C3B-44C7-A7A9-979AF050657B}.Debug|Any CPU.Deploy.0 = Debug|iPhoneSimulator
		{8C280540-9C3B-44C7-A7A9-979AF050657B}.Debug|ARM.ActiveCfg = Debug|iPhone
		{8C280540-9C3B-44C7-A7A9-979AF050657B}.Debug|ARM.Build.0 = Debug|iPhone
		{8C280540-9C3B-44C7-A7A9-979AF050657B}.Debug|ARM.Deploy.0 = Debug|iPhone
		{8C280540-9C3B-44C7-A7A9-979AF050657B}.Debug|iPhone.ActiveCfg = Debug|iPhone
		{8C280540-9C3B-44C7-A7A9-979AF050657B}.Debug|iPhone.Build.0 = Debug|iPhone
		{8C280540-9C3B-44C7-A7A9-979AF050657B}.Debug|iPhone.Deploy.0 = Debug|iPhone
		{8C280540-9C3B-44C7-A7A9-979AF050657B}.Debug|iPhoneSimulator.ActiveCfg = Debug|iPhoneSimulator
		{8C280540-9C3B-44C7-A7A9-979AF050657B}.Debug|iPhoneSimulator.Build.0 = Debug|iPhoneSimulator
		{8C280540-9C3B-44C7-A7A9-979AF050657B}.Debug|iPhoneSimulator.Deploy.0 = Debug|iPhoneSimulator
		{8C280540-9C3B-44C7-A7A9-979AF050657B}.Debug|x64.ActiveCfg = Debug|iPhone
		{8C280540-9C3B-44C7-A7A9-979AF050657B}.Debug|x64.Build.0 = Debug|iPhone
		{8C280540-9C3B-44C7-A7A9-979AF050657B}.Debug|x64.Deploy.0 = Debug|iPhone
		{8C280540-9C3B-44C7-A7A9-979AF050657B}.Debug|x86.ActiveCfg = Debug|iPhone
		{8C280540-9C3B-44C7-A7A9-979AF050657B}.Debug|x86.Build.0 = Debug|iPhone
		{8C280540-9C3B-44C7-A7A9-979AF050657B}.Debug|x86.Deploy.0 = Debug|iPhone
		{8C280540-9C3B-44C7-A7A9-979AF050657B}.Release|Any CPU.ActiveCfg = Release|iPhone
		{8C280540-9C3B-44C7-A7A9-979AF050657B}.Release|Any CPU.Build.0 = Release|iPhone
		{8C280540-9C3B-44C7-A7A9-979AF050657B}.Release|Any CPU.Deploy.0 = Release|iPhone
		{8C280540-9C3B-44C7-A7A9-979AF050657B}.Release|ARM.ActiveCfg = Release|iPhone
		{8C280540-9C3B-44C7-A7A9-979AF050657B}.Release|ARM.Build.0 = Release|iPhone
		{8C280540-9C3B-44C7-A7A9-979AF050657B}.Release|ARM.Deploy.0 = Release|iPhone
		{8C280540-9C3B-44C7-A7A9-979AF050657B}.Release|iPhone.ActiveCfg = Release|iPhone
		{8C280540-9C3B-44C7-A7A9-979AF050657B}.Release|iPhone.Build.0 = Release|iPhone
		{8C280540-9C3B-44C7-A7A9-979AF050657B}.Release|iPhone.Deploy.0 = Release|iPhone
		{8C280540-9C3B-44C7-A7A9-979AF050657B}.Release|iPhoneSimulator.ActiveCfg = Release|iPhoneSimulator
		{8C280540-9C3B-44C7-A7A9-979AF050657B}.Release|iPhoneSimulator.Build.0 = Release|iPhoneSimulator
		{8C280540-9C3B-44C7-A7A9-979AF050657B}.Release|iPhoneSimulator.Deploy.0 = Release|iPhoneSimulator
		{8C280540-9C3B-44C7-A7A9-979AF050657B}.Release|x64.ActiveCfg = Release|iPhone
		{8C280540-9C3B-44C7-A7A9-979AF050657B}.Release|x64.Build.0 = Release|iPhone
		{8C280540-9C3B-44C7-A7A9-979AF050657B}.Release|x64.Deploy.0 = Release|iPhone
		{8C280540-9C3B-44C7-A7A9-979AF050657B}.Release|x86.ActiveCfg = Release|iPhone
		{8C280540-9C3B-44C7-A7A9-979AF050657B}.Release|x86.Build.0 = Release|iPhone
		{8C280540-9C3B-44C7-A7A9-979AF050657B}.Release|x86.Deploy.0 = Release|iPhone
		{76C570A9-5A7D-40EA-BF02-2E5B83A888C9}.Ad-Hoc|Any CPU.ActiveCfg = Release|x86
		{76C570A9-5A7D-40EA-BF02-2E5B83A888C9}.Ad-Hoc|Any CPU.Build.0 = Release|x86
		{76C570A9-5A7D-40EA-BF02-2E5B83A888C9}.Ad-Hoc|Any CPU.Deploy.0 = Release|x86
		{76C570A9-5A7D-40EA-BF02-2E5B83A888C9}.Ad-Hoc|ARM.ActiveCfg = Release|ARM
		{76C570A9-5A7D-40EA-BF02-2E5B83A888C9}.Ad-Hoc|ARM.Build.0 = Release|ARM
		{76C570A9-5A7D-40EA-BF02-2E5B83A888C9}.Ad-Hoc|ARM.Deploy.0 = Release|ARM
		{76C570A9-5A7D-40EA-BF02-2E5B83A888C9}.Ad-Hoc|iPhone.ActiveCfg = Release|x86
		{76C570A9-5A7D-40EA-BF02-2E5B83A888C9}.Ad-Hoc|iPhone.Build.0 = Release|x86
		{76C570A9-5A7D-40EA-BF02-2E5B83A888C9}.Ad-Hoc|iPhone.Deploy.0 = Release|x86
		{76C570A9-5A7D-40EA-BF02-2E5B83A888C9}.Ad-Hoc|iPhoneSimulator.ActiveCfg = Release|x86
		{76C570A9-5A7D-40EA-BF02-2E5B83A888C9}.Ad-Hoc|iPhoneSimulator.Build.0 = Release|x86
		{76C570A9-5A7D-40EA-BF02-2E5B83A888C9}.Ad-Hoc|iPhoneSimulator.Deploy.0 = Release|x86
		{76C570A9-5A7D-40EA-BF02-2E5B83A888C9}.Ad-Hoc|x64.ActiveCfg = Release|x64
		{76C570A9-5A7D-40EA-BF02-2E5B83A888C9}.Ad-Hoc|x64.Build.0 = Release|x64
		{76C570A9-5A7D-40EA-BF02-2E5B83A888C9}.Ad-Hoc|x64.Deploy.0 = Release|x64
		{76C570A9-5A7D-40EA-BF02-2E5B83A888C9}.Ad-Hoc|x86.ActiveCfg = Release|x86
		{76C570A9-5A7D-40EA-BF02-2E5B83A888C9}.Ad-Hoc|x86.Build.0 = Release|x86
		{76C570A9-5A7D-40EA-BF02-2E5B83A888C9}.Ad-Hoc|x86.Deploy.0 = Release|x86
		{76C570A9-5A7D-40EA-BF02-2E5B83A888C9}.AppStore|Any CPU.ActiveCfg = Release|x86
		{76C570A9-5A7D-40EA-BF02-2E5B83A888C9}.AppStore|Any CPU.Build.0 = Release|x86
		{76C570A9-5A7D-40EA-BF02-2E5B83A888C9}.AppStore|Any CPU.Deploy.0 = Release|x86
		{76C570A9-5A7D-40EA-BF02-2E5B83A888C9}.AppStore|ARM.ActiveCfg = Release|ARM
		{76C570A9-5A7D-40EA-BF02-2E5B83A888C9}.AppStore|ARM.Build.0 = Release|ARM
		{76C570A9-5A7D-40EA-BF02-2E5B83A888C9}.AppStore|ARM.Deploy.0 = Release|ARM
		{76C570A9-5A7D-40EA-BF02-2E5B83A888C9}.AppStore|iPhone.ActiveCfg = Release|x86
		{76C570A9-5A7D-40EA-BF02-2E5B83A888C9}.AppStore|iPhone.Build.0 = Release|x86
		{76C570A9-5A7D-40EA-BF02-2E5B83A888C9}.AppStore|iPhone.Deploy.0 = Release|x86
		{76C570A9-5A7D-40EA-BF02-2E5B83A888C9}.AppStore|iPhoneSimulator.ActiveCfg = Release|x86
		{76C570A9-5A7D-40EA-BF02-2E5B83A888C9}.AppStore|iPhoneSimulator.Build.0 = Release|x86
		{76C570A9-5A7D-40EA-BF02-2E5B83A888C9}.AppStore|iPhoneSimulator.Deploy.0 = Release|x86
		{76C570A9-5A7D-40EA-BF02-2E5B83A888C9}.AppStore|x64.ActiveCfg = Release|x64
		{76C570A9-5A7D-40EA-BF02-2E5B83A888C9}.AppStore|x64.Build.0 = Release|x64
		{76C570A9-5A7D-40EA-BF02-2E5B83A888C9}.AppStore|x64.Deploy.0 = Release|x64
		{76C570A9-5A7D-40EA-BF02-2E5B83A888C9}.AppStore|x86.ActiveCfg = Release|x86
		{76C570A9-5A7D-40EA-BF02-2E5B83A888C9}.AppStore|x86.Build.0 = Release|x86
		{76C570A9-5A7D-40EA-BF02-2E5B83A888C9}.AppStore|x86.Deploy.0 = Release|x86
		{76C570A9-5A7D-40EA-BF02-2E5B83A888C9}.Debug|Any CPU.ActiveCfg = Debug|x86
		{76C570A9-5A7D-40EA-BF02-2E5B83A888C9}.Debug|Any CPU.Build.0 = Debug|x86
		{76C570A9-5A7D-40EA-BF02-2E5B83A888C9}.Debug|Any CPU.Deploy.0 = Debug|x86
		{76C570A9-5A7D-40EA-BF02-2E5B83A888C9}.Debug|ARM.ActiveCfg = Debug|ARM
		{76C570A9-5A7D-40EA-BF02-2E5B83A888C9}.Debug|ARM.Build.0 = Debug|ARM
		{76C570A9-5A7D-40EA-BF02-2E5B83A888C9}.Debug|ARM.Deploy.0 = Debug|ARM
		{76C570A9-5A7D-40EA-BF02-2E5B83A888C9}.Debug|iPhone.ActiveCfg = Debug|x86
		{76C570A9-5A7D-40EA-BF02-2E5B83A888C9}.Debug|iPhone.Build.0 = Debug|x86
		{76C570A9-5A7D-40EA-BF02-2E5B83A888C9}.Debug|iPhone.Deploy.0 = Debug|x86
		{76C570A9-5A7D-40EA-BF02-2E5B83A888C9}.Debug|iPhoneSimulator.ActiveCfg = Debug|x86
		{76C570A9-5A7D-40EA-BF02-2E5B83A888C9}.Debug|iPhoneSimulator.Build.0 = Debug|x86
		{76C570A9-5A7D-40EA-BF02-2E5B83A888C9}.Debug|iPhoneSimulator.Deploy.0 = Debug|x86
		{76C570A9-5A7D-40EA-BF02-2E5B83A888C9}.Debug|x64.ActiveCfg = Debug|x64
		{76C570A9-5A7D-40EA-BF02-2E5B83A888C9}.Debug|x64.Build.0 = Debug|x64
		{76C570A9-5A7D-40EA-BF02-2E5B83A888C9}.Debug|x64.Deploy.0 = Debug|x64
		{76C570A9-5A7D-40EA-BF02-2E5B83A888C9}.Debug|x86.ActiveCfg = Debug|x86
		{76C570A9-5A7D-40EA-BF02-2E5B83A888C9}.Debug|x86.Build.0 = Debug|x86
		{76C570A9-5A7D-40EA-BF02-2E5B83A888C9}.Debug|x86.Deploy.0 = Debug|x86
		{76C570A9-5A7D-40EA-BF02-2E5B83A888C9}.Release|Any CPU.ActiveCfg = Release|x86
		{76C570A9-5A7D-40EA-BF02-2E5B83A888C9}.Release|Any CPU.Build.0 = Release|x86
		{76C570A9-5A7D-40EA-BF02-2E5B83A888C9}.Release|Any CPU.Deploy.0 = Release|x86
		{76C570A9-5A7D-40EA-BF02-2E5B83A888C9}.Release|ARM.ActiveCfg = Release|ARM
		{76C570A9-5A7D-40EA-BF02-2E5B83A888C9}.Release|ARM.Build.0 = Release|ARM
		{76C570A9-5A7D-40EA-BF02-2E5B83A888C9}.Release|ARM.Deploy.0 = Release|ARM
		{76C570A9-5A7D-40EA-BF02-2E5B83A888C9}.Release|iPhone.ActiveCfg = Release|x86
		{76C570A9-5A7D-40EA-BF02-2E5B83A888C9}.Release|iPhone.Build.0 = Release|x86
		{76C570A9-5A7D-40EA-BF02-2E5B83A888C9}.Release|iPhone.Deploy.0 = Release|x86
		{76C570A9-5A7D-40EA-BF02-2E5B83A888C9}.Release|iPhoneSimulator.ActiveCfg = Release|x86
		{76C570A9-5A7D-40EA-BF02-2E5B83A888C9}.Release|iPhoneSimulator.Build.0 = Release|x86
		{76C570A9-5A7D-40EA-BF02-2E5B83A888C9}.Release|iPhoneSimulator.Deploy.0 = Release|x86
		{76C570A9-5A7D-40EA-BF02-2E5B83A888C9}.Release|x64.ActiveCfg = Release|x64
		{76C570A9-5A7D-40EA-BF02-2E5B83A888C9}.Release|x64.Build.0 = Release|x64
		{76C570A9-5A7D-40EA-BF02-2E5B83A888C9}.Release|x64.Deploy.0 = Release|x64
		{76C570A9-5A7D-40EA-BF02-2E5B83A888C9}.Release|x86.ActiveCfg = Release|x86
		{76C570A9-5A7D-40EA-BF02-2E5B83A888C9}.Release|x86.Build.0 = Release|x86
		{76C570A9-5A7D-40EA-BF02-2E5B83A888C9}.Release|x86.Deploy.0 = Release|x86
		{49DE3EB8-ED70-43BB-AB15-C8F420A7320E}.Ad-Hoc|Any CPU.ActiveCfg = Debug|Any CPU
		{49DE3EB8-ED70-43BB-AB15-C8F420A7320E}.Ad-Hoc|Any CPU.Build.0 = Debug|Any CPU
		{49DE3EB8-ED70-43BB-AB15-C8F420A7320E}.Ad-Hoc|Any CPU.Deploy.0 = Debug|Any CPU
		{49DE3EB8-ED70-43BB-AB15-C8F420A7320E}.Ad-Hoc|ARM.ActiveCfg = Debug|Any CPU
		{49DE3EB8-ED70-43BB-AB15-C8F420A7320E}.Ad-Hoc|ARM.Build.0 = Debug|Any CPU
		{49DE3EB8-ED70-43BB-AB15-C8F420A7320E}.Ad-Hoc|ARM.Deploy.0 = Debug|Any CPU
		{49DE3EB8-ED70-43BB-AB15-C8F420A7320E}.Ad-Hoc|iPhone.ActiveCfg = Debug|Any CPU
		{49DE3EB8-ED70-43BB-AB15-C8F420A7320E}.Ad-Hoc|iPhone.Build.0 = Debug|Any CPU
		{49DE3EB8-ED70-43BB-AB15-C8F420A7320E}.Ad-Hoc|iPhone.Deploy.0 = Debug|Any CPU
		{49DE3EB8-ED70-43BB-AB15-C8F420A7320E}.Ad-Hoc|iPhoneSimulator.ActiveCfg = Debug|Any CPU
		{49DE3EB8-ED70-43BB-AB15-C8F420A7320E}.Ad-Hoc|iPhoneSimulator.Build.0 = Debug|Any CPU
		{49DE3EB8-ED70-43BB-AB15-C8F420A7320E}.Ad-Hoc|iPhoneSimulator.Deploy.0 = Debug|Any CPU
		{49DE3EB8-ED70-43BB-AB15-C8F420A7320E}.Ad-Hoc|x64.ActiveCfg = Debug|Any CPU
		{49DE3EB8-ED70-43BB-AB15-C8F420A7320E}.Ad-Hoc|x64.Build.0 = Debug|Any CPU
		{49DE3EB8-ED70-43BB-AB15-C8F420A7320E}.Ad-Hoc|x64.Deploy.0 = Debug|Any CPU
		{49DE3EB8-ED70-43BB-AB15-C8F420A7320E}.Ad-Hoc|x86.ActiveCfg = Debug|Any CPU
		{49DE3EB8-ED70-43BB-AB15-C8F420A7320E}.Ad-Hoc|x86.Build.0 = Debug|Any CPU
		{49DE3EB8-ED70-43BB-AB15-C8F420A7320E}.Ad-Hoc|x86.Deploy.0 = Debug|Any CPU
		{49DE3EB8-ED70-43BB-AB15-C8F420A7320E}.AppStore|Any CPU.ActiveCfg = Debug|Any CPU
		{49DE3EB8-ED70-43BB-AB15-C8F420A7320E}.AppStore|Any CPU.Build.0 = Debug|Any CPU
		{49DE3EB8-ED70-43BB-AB15-C8F420A7320E}.AppStore|Any CPU.Deploy.0 = Debug|Any CPU
		{49DE3EB8-ED70-43BB-AB15-C8F420A7320E}.AppStore|ARM.ActiveCfg = Debug|Any CPU
		{49DE3EB8-ED70-43BB-AB15-C8F420A7320E}.AppStore|ARM.Build.0 = Debug|Any CPU
		{49DE3EB8-ED70-43BB-AB15-C8F420A7320E}.AppStore|ARM.Deploy.0 = Debug|Any CPU
		{49DE3EB8-ED70-43BB-AB15-C8F420A7320E}.AppStore|iPhone.ActiveCfg = Debug|Any CPU
		{49DE3EB8-ED70-43BB-AB15-C8F420A7320E}.AppStore|iPhone.Build.0 = Debug|Any CPU
		{49DE3EB8-ED70-43BB-AB15-C8F420A7320E}.AppStore|iPhone.Deploy.0 = Debug|Any CPU
		{49DE3EB8-ED70-43BB-AB15-C8F420A7320E}.AppStore|iPhoneSimulator.ActiveCfg = Debug|Any CPU
		{49DE3EB8-ED70-43BB-AB15-C8F420A7320E}.AppStore|iPhoneSimulator.Build.0 = Debug|Any CPU
		{49DE3EB8-ED70-43BB-AB15-C8F420A7320E}.AppStore|iPhoneSimulator.Deploy.0 = Debug|Any CPU
		{49DE3EB8-ED70-43BB-AB15-C8F420A7320E}.AppStore|x64.ActiveCfg = Debug|Any CPU
		{49DE3EB8-ED70-43BB-AB15-C8F420A7320E}.AppStore|x64.Build.0 = Debug|Any CPU
		{49DE3EB8-ED70-43BB-AB15-C8F420A7320E}.AppStore|x64.Deploy.0 = Debug|Any CPU
		{49DE3EB8-ED70-43BB-AB15-C8F420A7320E}.AppStore|x86.ActiveCfg = Debug|Any CPU
		{49DE3EB8-ED70-43BB-AB15-C8F420A7320E}.AppStore|x86.Build.0 = Debug|Any CPU
		{49DE3EB8-ED70-43BB-AB15-C8F420A7320E}.AppStore|x86.Deploy.0 = Debug|Any CPU
		{49DE3EB8-ED70-43BB-AB15-C8F420A7320E}.Debug|Any CPU.ActiveCfg = Debug|Any CPU
		{49DE3EB8-ED70-43BB-AB15-C8F420A7320E}.Debug|Any CPU.Build.0 = Debug|Any CPU
		{49DE3EB8-ED70-43BB-AB15-C8F420A7320E}.Debug|Any CPU.Deploy.0 = Debug|Any CPU
		{49DE3EB8-ED70-43BB-AB15-C8F420A7320E}.Debug|ARM.ActiveCfg = Debug|Any CPU
		{49DE3EB8-ED70-43BB-AB15-C8F420A7320E}.Debug|ARM.Build.0 = Debug|Any CPU
		{49DE3EB8-ED70-43BB-AB15-C8F420A7320E}.Debug|ARM.Deploy.0 = Debug|Any CPU
		{49DE3EB8-ED70-43BB-AB15-C8F420A7320E}.Debug|iPhone.ActiveCfg = Debug|Any CPU
		{49DE3EB8-ED70-43BB-AB15-C8F420A7320E}.Debug|iPhone.Build.0 = Debug|Any CPU
		{49DE3EB8-ED70-43BB-AB15-C8F420A7320E}.Debug|iPhone.Deploy.0 = Debug|Any CPU
		{49DE3EB8-ED70-43BB-AB15-C8F420A7320E}.Debug|iPhoneSimulator.ActiveCfg = Debug|Any CPU
		{49DE3EB8-ED70-43BB-AB15-C8F420A7320E}.Debug|iPhoneSimulator.Build.0 = Debug|Any CPU
		{49DE3EB8-ED70-43BB-AB15-C8F420A7320E}.Debug|iPhoneSimulator.Deploy.0 = Debug|Any CPU
		{49DE3EB8-ED70-43BB-AB15-C8F420A7320E}.Debug|x64.ActiveCfg = Debug|Any CPU
		{49DE3EB8-ED70-43BB-AB15-C8F420A7320E}.Debug|x64.Build.0 = Debug|Any CPU
		{49DE3EB8-ED70-43BB-AB15-C8F420A7320E}.Debug|x64.Deploy.0 = Debug|Any CPU
		{49DE3EB8-ED70-43BB-AB15-C8F420A7320E}.Debug|x86.ActiveCfg = Debug|Any CPU
		{49DE3EB8-ED70-43BB-AB15-C8F420A7320E}.Debug|x86.Build.0 = Debug|Any CPU
		{49DE3EB8-ED70-43BB-AB15-C8F420A7320E}.Debug|x86.Deploy.0 = Debug|Any CPU
		{49DE3EB8-ED70-43BB-AB15-C8F420A7320E}.Release|Any CPU.ActiveCfg = Release|Any CPU
		{49DE3EB8-ED70-43BB-AB15-C8F420A7320E}.Release|Any CPU.Build.0 = Release|Any CPU
		{49DE3EB8-ED70-43BB-AB15-C8F420A7320E}.Release|Any CPU.Deploy.0 = Release|Any CPU
		{49DE3EB8-ED70-43BB-AB15-C8F420A7320E}.Release|ARM.ActiveCfg = Release|Any CPU
		{49DE3EB8-ED70-43BB-AB15-C8F420A7320E}.Release|ARM.Build.0 = Release|Any CPU
		{49DE3EB8-ED70-43BB-AB15-C8F420A7320E}.Release|ARM.Deploy.0 = Release|Any CPU
		{49DE3EB8-ED70-43BB-AB15-C8F420A7320E}.Release|iPhone.ActiveCfg = Release|Any CPU
		{49DE3EB8-ED70-43BB-AB15-C8F420A7320E}.Release|iPhone.Build.0 = Release|Any CPU
		{49DE3EB8-ED70-43BB-AB15-C8F420A7320E}.Release|iPhone.Deploy.0 = Release|Any CPU
		{49DE3EB8-ED70-43BB-AB15-C8F420A7320E}.Release|iPhoneSimulator.ActiveCfg = Release|Any CPU
		{49DE3EB8-ED70-43BB-AB15-C8F420A7320E}.Release|iPhoneSimulator.Build.0 = Release|Any CPU
		{49DE3EB8-ED70-43BB-AB15-C8F420A7320E}.Release|iPhoneSimulator.Deploy.0 = Release|Any CPU
		{49DE3EB8-ED70-43BB-AB15-C8F420A7320E}.Release|x64.ActiveCfg = Release|Any CPU
		{49DE3EB8-ED70-43BB-AB15-C8F420A7320E}.Release|x64.Build.0 = Release|Any CPU
		{49DE3EB8-ED70-43BB-AB15-C8F420A7320E}.Release|x64.Deploy.0 = Release|Any CPU
		{49DE3EB8-ED70-43BB-AB15-C8F420A7320E}.Release|x86.ActiveCfg = Release|Any CPU
		{49DE3EB8-ED70-43BB-AB15-C8F420A7320E}.Release|x86.Build.0 = Release|Any CPU
		{49DE3EB8-ED70-43BB-AB15-C8F420A7320E}.Release|x86.Deploy.0 = Release|Any CPU
	EndGlobalSection
	GlobalSection(SolutionProperties) = preSolution
		HideSolutionNode = FALSE
	EndGlobalSection
	GlobalSection(ExtensibilityGlobals) = postSolution
		SolutionGuid = {A72C0E80-CC88-4AFC-AC0C-10D6C60F0135}
	EndGlobalSection
EndGlobal
